
Microsoft Visual Studio Solution File, Format Version 12.00
# Visual Studio Version 17
VisualStudioVersion = 17.10.35027.167
MinimumVisualStudioVersion = 10.0.40219.1
Project("{2150E333-8FDC-42A3-9474-1A3956D46DE8}") = "1 - Gateway", "1 - Gateway", "{0CBB3760-335C-4A24-8AE9-E9EB43E6C269}"
EndProject
Project("{2150E333-8FDC-42A3-9474-1A3956D46DE8}") = "2 - Application", "2 - Application", "{890C9933-96E9-43EE-BC3E-CA4699B9D173}"
EndProject
Project("{2150E333-8FDC-42A3-9474-1A3956D46DE8}") = "3 - Domain", "3 - Domain", "{FBC0E6FD-CCC4-4EFF-BC68-7CA285C2A917}"
EndProject
Project("{2150E333-8FDC-42A3-9474-1A3956D46DE8}") = "4 - Infra", "4 - Infra", "{CA0DDF46-A6E7-417D-A3EF-EDCD45DEE006}"
EndProject
Project("{9A19103F-16F7-4668-BE54-9A1E7A4F7556}") = "WebAPI", "1 - Gateway\WebAPI\WebAPI.csproj", "{EFB33148-B950-4CAF-9F14-E11183500431}"
EndProject
Project("{9A19103F-16F7-4668-BE54-9A1E7A4F7556}") = "Application", "2 - Application\Application\Application.csproj", "{0D811EC0-A416-4A27-B168-AD2B56AE73F5}"
EndProject
Project("{9A19103F-16F7-4668-BE54-9A1E7A4F7556}") = "Application.Dto", "2 - Application\Application.Dto\Application.Dto.csproj", "{524AD444-D5B6-46AA-8548-876E1BEA9989}"
EndProject
Project("{9A19103F-16F7-4668-BE54-9A1E7A4F7556}") = "Notifications", "3 - Domain\Notifications\Notifications.csproj", "{5A95EB1C-925C-4A74-93B2-8371B6BB0CB6}"
EndProject
Project("{9A19103F-16F7-4668-BE54-9A1E7A4F7556}") = "Project", "3 - Domain\Project\Project.csproj", "{0A15AB27-D4DF-4DC5-8552-CD6FB9B99DEE}"
EndProject
Project("{9A19103F-16F7-4668-BE54-9A1E7A4F7556}") = "Specifications", "3 - Domain\Specifications\Specifications.csproj", "{9EA2EA23-D90A-4687-9C83-E8BE13A83B0D}"
EndProject
Project("{9A19103F-16F7-4668-BE54-9A1E7A4F7556}") = "Users", "3 - Domain\Users\Users.csproj", "{46BB8D18-FA4E-4E74-90AD-B6D28EDC02EB}"
EndProject
Project("{9A19103F-16F7-4668-BE54-9A1E7A4F7556}") = "Repositories", "4 - Infra\Repositories\Repositories.csproj", "{7F936081-41D9-482A-B22D-CCA0F20CA868}"
EndProject
Project("{FAE04EC0-301F-11D3-BF4B-00C04F79EFBC}") = "SqlServer", "4 - Infra\SqlServer\SqlServer.csproj", "{11BA3FFB-9C43-4FD5-B98B-7814C254CEFA}"
EndProject
Global
	GlobalSection(SolutionConfigurationPlatforms) = preSolution
		Debug|Any CPU = Debug|Any CPU
		Release|Any CPU = Release|Any CPU
	EndGlobalSection
	GlobalSection(ProjectConfigurationPlatforms) = postSolution
		{EFB33148-B950-4CAF-9F14-E11183500431}.Debug|Any CPU.ActiveCfg = Debug|Any CPU
		{EFB33148-B950-4CAF-9F14-E11183500431}.Debug|Any CPU.Build.0 = Debug|Any CPU
		{EFB33148-B950-4CAF-9F14-E11183500431}.Release|Any CPU.ActiveCfg = Release|Any CPU
		{EFB33148-B950-4CAF-9F14-E11183500431}.Release|Any CPU.Build.0 = Release|Any CPU
		{0D811EC0-A416-4A27-B168-AD2B56AE73F5}.Debug|Any CPU.ActiveCfg = Debug|Any CPU
		{0D811EC0-A416-4A27-B168-AD2B56AE73F5}.Debug|Any CPU.Build.0 = Debug|Any CPU
		{0D811EC0-A416-4A27-B168-AD2B56AE73F5}.Release|Any CPU.ActiveCfg = Release|Any CPU
		{0D811EC0-A416-4A27-B168-AD2B56AE73F5}.Release|Any CPU.Build.0 = Release|Any CPU
		{524AD444-D5B6-46AA-8548-876E1BEA9989}.Debug|Any CPU.ActiveCfg = Debug|Any CPU
		{524AD444-D5B6-46AA-8548-876E1BEA9989}.Debug|Any CPU.Build.0 = Debug|Any CPU
		{524AD444-D5B6-46AA-8548-876E1BEA9989}.Release|Any CPU.ActiveCfg = Release|Any CPU
		{524AD444-D5B6-46AA-8548-876E1BEA9989}.Release|Any CPU.Build.0 = Release|Any CPU
		{5A95EB1C-925C-4A74-93B2-8371B6BB0CB6}.Debug|Any CPU.ActiveCfg = Debug|Any CPU
		{5A95EB1C-925C-4A74-93B2-8371B6BB0CB6}.Debug|Any CPU.Build.0 = Debug|Any CPU
		{5A95EB1C-925C-4A74-93B2-8371B6BB0CB6}.Release|Any CPU.ActiveCfg = Release|Any CPU
		{5A95EB1C-925C-4A74-93B2-8371B6BB0CB6}.Release|Any CPU.Build.0 = Release|Any CPU
		{0A15AB27-D4DF-4DC5-8552-CD6FB9B99DEE}.Debug|Any CPU.ActiveCfg = Debug|Any CPU
		{0A15AB27-D4DF-4DC5-8552-CD6FB9B99DEE}.Debug|Any CPU.Build.0 = Debug|Any CPU
		{0A15AB27-D4DF-4DC5-8552-CD6FB9B99DEE}.Release|Any CPU.ActiveCfg = Release|Any CPU
		{0A15AB27-D4DF-4DC5-8552-CD6FB9B99DEE}.Release|Any CPU.Build.0 = Release|Any CPU
		{9EA2EA23-D90A-4687-9C83-E8BE13A83B0D}.Debug|Any CPU.ActiveCfg = Debug|Any CPU
		{9EA2EA23-D90A-4687-9C83-E8BE13A83B0D}.Debug|Any CPU.Build.0 = Debug|Any CPU
		{9EA2EA23-D90A-4687-9C83-E8BE13A83B0D}.Release|Any CPU.ActiveCfg = Release|Any CPU
		{9EA2EA23-D90A-4687-9C83-E8BE13A83B0D}.Release|Any CPU.Build.0 = Release|Any CPU
		{46BB8D18-FA4E-4E74-90AD-B6D28EDC02EB}.Debug|Any CPU.ActiveCfg = Debug|Any CPU
		{46BB8D18-FA4E-4E74-90AD-B6D28EDC02EB}.Debug|Any CPU.Build.0 = Debug|Any CPU
		{46BB8D18-FA4E-4E74-90AD-B6D28EDC02EB}.Release|Any CPU.ActiveCfg = Release|Any CPU
		{46BB8D18-FA4E-4E74-90AD-B6D28EDC02EB}.Release|Any CPU.Build.0 = Release|Any CPU
		{7F936081-41D9-482A-B22D-CCA0F20CA868}.Debug|Any CPU.ActiveCfg = Debug|Any CPU
		{7F936081-41D9-482A-B22D-CCA0F20CA868}.Debug|Any CPU.Build.0 = Debug|Any CPU
		{7F936081-41D9-482A-B22D-CCA0F20CA868}.Release|Any CPU.ActiveCfg = Release|Any CPU
		{7F936081-41D9-482A-B22D-CCA0F20CA868}.Release|Any CPU.Build.0 = Release|Any CPU
		{11BA3FFB-9C43-4FD5-B98B-7814C254CEFA}.Debug|Any CPU.ActiveCfg = Debug|Any CPU
		{11BA3FFB-9C43-4FD5-B98B-7814C254CEFA}.Debug|Any CPU.Build.0 = Debug|Any CPU
		{11BA3FFB-9C43-4FD5-B98B-7814C254CEFA}.Release|Any CPU.ActiveCfg = Release|Any CPU
		{11BA3FFB-9C43-4FD5-B98B-7814C254CEFA}.Release|Any CPU.Build.0 = Release|Any CPU
	EndGlobalSection
	GlobalSection(SolutionProperties) = preSolution
		HideSolutionNode = FALSE
	EndGlobalSection
	GlobalSection(NestedProjects) = preSolution
		{EFB33148-B950-4CAF-9F14-E11183500431} = {0CBB3760-335C-4A24-8AE9-E9EB43E6C269}
		{0D811EC0-A416-4A27-B168-AD2B56AE73F5} = {890C9933-96E9-43EE-BC3E-CA4699B9D173}
		{524AD444-D5B6-46AA-8548-876E1BEA9989} = {890C9933-96E9-43EE-BC3E-CA4699B9D173}
		{5A95EB1C-925C-4A74-93B2-8371B6BB0CB6} = {FBC0E6FD-CCC4-4EFF-BC68-7CA285C2A917}
		{0A15AB27-D4DF-4DC5-8552-CD6FB9B99DEE} = {FBC0E6FD-CCC4-4EFF-BC68-7CA285C2A917}
		{9EA2EA23-D90A-4687-9C83-E8BE13A83B0D} = {FBC0E6FD-CCC4-4EFF-BC68-7CA285C2A917}
		{46BB8D18-FA4E-4E74-90AD-B6D28EDC02EB} = {FBC0E6FD-CCC4-4EFF-BC68-7CA285C2A917}
		{7F936081-41D9-482A-B22D-CCA0F20CA868} = {CA0DDF46-A6E7-417D-A3EF-EDCD45DEE006}
		{11BA3FFB-9C43-4FD5-B98B-7814C254CEFA} = {CA0DDF46-A6E7-417D-A3EF-EDCD45DEE006}
	EndGlobalSection
	GlobalSection(ExtensibilityGlobals) = postSolution
		SolutionGuid = {7E0A069A-6836-4D43-8DE5-21A8F9269F99}
	EndGlobalSection
EndGlobal
